
Microsoft Visual Studio Solution File, Format Version 12.00
# Visual Studio 2012
Project("{FAE04EC0-301F-11D3-BF4B-00C04F79EFBC}") = "BookReview", "BookReview\BookReview.csproj", "{E85DBBD2-357A-4B24-8B17-43B8AAE39A51}"
EndProject
Project("{FAE04EC0-301F-11D3-BF4B-00C04F79EFBC}") = "BookReviewTests", "BookReviewTests\BookReviewTests.csproj", "{E8315B36-8E2B-4865-9E33-0E7C19993F12}"
EndProject
Global
	GlobalSection(SolutionConfigurationPlatforms) = preSolution
		Debug|Any CPU = Debug|Any CPU
		Release|Any CPU = Release|Any CPU
	EndGlobalSection
	GlobalSection(ProjectConfigurationPlatforms) = postSolution
		{E85DBBD2-357A-4B24-8B17-43B8AAE39A51}.Debug|Any CPU.ActiveCfg = Debug|Any CPU
		{E85DBBD2-357A-4B24-8B17-43B8AAE39A51}.Debug|Any CPU.Build.0 = Debug|Any CPU
		{E85DBBD2-357A-4B24-8B17-43B8AAE39A51}.Release|Any CPU.ActiveCfg = Release|Any CPU
		{E85DBBD2-357A-4B24-8B17-43B8AAE39A51}.Release|Any CPU.Build.0 = Release|Any CPU
		{E8315B36-8E2B-4865-9E33-0E7C19993F12}.Debug|Any CPU.ActiveCfg = Debug|Any CPU
		{E8315B36-8E2B-4865-9E33-0E7C19993F12}.Debug|Any CPU.Build.0 = Debug|Any CPU
		{E8315B36-8E2B-4865-9E33-0E7C19993F12}.Release|Any CPU.ActiveCfg = Release|Any CPU
		{E8315B36-8E2B-4865-9E33-0E7C19993F12}.Release|Any CPU.Build.0 = Release|Any CPU
	EndGlobalSection
	GlobalSection(SolutionProperties) = preSolution
		HideSolutionNode = FALSE
	EndGlobalSection
EndGlobal
